// !$*UTF8*$!
{
	archiveVersion = 1;
	classes = {
	};
	objectVersion = 51;
	objects = {

/* Begin PBXBuildFile section */
		21766D27FB2BEBD48679BFD8 /* Pods_Shupple.framework in Frameworks */ = {isa = PBXBuildFile; fileRef = BE70313AAD303D97A156C371 /* Pods_Shupple.framework */; };
		589DA58A22F354E400AE2BE6 /* ImageScale.swift in Sources */ = {isa = PBXBuildFile; fileRef = 589DA58922F354E400AE2BE6 /* ImageScale.swift */; };
		58A4A66E22F58C6400EC54ED /* ImageForURL.swift in Sources */ = {isa = PBXBuildFile; fileRef = 58A4A66D22F58C6400EC54ED /* ImageForURL.swift */; };
		58A4A67222F9EB2600EC54ED /* UiColorHex.swift in Sources */ = {isa = PBXBuildFile; fileRef = 58A4A67122F9EB2600EC54ED /* UiColorHex.swift */; };
		58A4A67422FB33DA00EC54ED /* TopViewController.swift in Sources */ = {isa = PBXBuildFile; fileRef = 58A4A67322FB33DA00EC54ED /* TopViewController.swift */; };
		58C1CBBE22F2030500460FE1 /* RegistrationViewController.swift in Sources */ = {isa = PBXBuildFile; fileRef = 58C1CBBD22F2030500460FE1 /* RegistrationViewController.swift */; };
		58CF97BC230C5DBB00C3C0B7 /* User.swift in Sources */ = {isa = PBXBuildFile; fileRef = 58CF97BB230C5DBB00C3C0B7 /* User.swift */; };
		58CF97BE230DAE2700C3C0B7 /* Sex.swift in Sources */ = {isa = PBXBuildFile; fileRef = 58CF97BD230DAE2700C3C0B7 /* Sex.swift */; };
		58CF97C0230DB28900C3C0B7 /* Prefecture.swift in Sources */ = {isa = PBXBuildFile; fileRef = 58CF97BF230DB28900C3C0B7 /* Prefecture.swift */; };
		58CF97C2230DB31B00C3C0B7 /* Job.swift in Sources */ = {isa = PBXBuildFile; fileRef = 58CF97C1230DB31B00C3C0B7 /* Job.swift */; };
		58CF97C4230DBA2D00C3C0B7 /* Personality.swift in Sources */ = {isa = PBXBuildFile; fileRef = 58CF97C3230DBA2D00C3C0B7 /* Personality.swift */; };
		58CF97C62314366900C3C0B7 /* PostUser.swift in Sources */ = {isa = PBXBuildFile; fileRef = 58CF97C52314366900C3C0B7 /* PostUser.swift */; };
		58CF97C82316EBAE00C3C0B7 /* Indicator.swift in Sources */ = {isa = PBXBuildFile; fileRef = 58CF97C72316EBAE00C3C0B7 /* Indicator.swift */; };
		58CF97CA231BF9CE00C3C0B7 /* Eureka.bundle in Frameworks */ = {isa = PBXBuildFile; fileRef = 58CF97C9231BF9CE00C3C0B7 /* Eureka.bundle */; settings = {ATTRIBUTES = (Weak, ); }; };
		58CF97CC231ED58C00C3C0B7 /* APIClient.swift in Sources */ = {isa = PBXBuildFile; fileRef = 58CF97CB231ED58C00C3C0B7 /* APIClient.swift */; };
		58FC3CDE22EDE61100E89BFB /* AppDelegate.swift in Sources */ = {isa = PBXBuildFile; fileRef = 58FC3CDD22EDE61100E89BFB /* AppDelegate.swift */; };
		58FC3CE022EDE61100E89BFB /* FirstViewController.swift in Sources */ = {isa = PBXBuildFile; fileRef = 58FC3CDF22EDE61100E89BFB /* FirstViewController.swift */; };
		58FC3CE222EDE61100E89BFB /* SecondViewController.swift in Sources */ = {isa = PBXBuildFile; fileRef = 58FC3CE122EDE61100E89BFB /* SecondViewController.swift */; };
		58FC3CE522EDE61100E89BFB /* Main.storyboard in Resources */ = {isa = PBXBuildFile; fileRef = 58FC3CE322EDE61100E89BFB /* Main.storyboard */; };
		58FC3CE722EDE61300E89BFB /* Assets.xcassets in Resources */ = {isa = PBXBuildFile; fileRef = 58FC3CE622EDE61300E89BFB /* Assets.xcassets */; };
		58FC3CEA22EDE61300E89BFB /* LaunchScreen.storyboard in Resources */ = {isa = PBXBuildFile; fileRef = 58FC3CE822EDE61300E89BFB /* LaunchScreen.storyboard */; };
		5E44B4B2231EA1020063AF4B /* UserInformation.swift in Sources */ = {isa = PBXBuildFile; fileRef = 5E44B4B1231EA1020063AF4B /* UserInformation.swift */; };
		5E44B4B52324BAF80063AF4B /* MaterialButton.swift in Sources */ = {isa = PBXBuildFile; fileRef = 5E44B4B42324BAF80063AF4B /* MaterialButton.swift */; };
		5E44B5122324E87A0063AF4B /* DesignableImageView.swift in Sources */ = {isa = PBXBuildFile; fileRef = 5E44B4F42324E87A0063AF4B /* DesignableImageView.swift */; };
		5E44B5132324E87A0063AF4B /* KeyboardLayoutConstraint.swift in Sources */ = {isa = PBXBuildFile; fileRef = 5E44B4F52324E87A0063AF4B /* KeyboardLayoutConstraint.swift */; };
		5E44B5142324E87A0063AF4B /* TransitionManager.swift in Sources */ = {isa = PBXBuildFile; fileRef = 5E44B4F62324E87A0063AF4B /* TransitionManager.swift */; };
		5E44B5152324E87A0063AF4B /* TransitionZoom.swift in Sources */ = {isa = PBXBuildFile; fileRef = 5E44B4F72324E87A0063AF4B /* TransitionZoom.swift */; };
		5E44B5162324E87A0063AF4B /* ImageLoader.swift in Sources */ = {isa = PBXBuildFile; fileRef = 5E44B4F82324E87A0063AF4B /* ImageLoader.swift */; };
		5E44B5172324E87A0063AF4B /* Spring.swift in Sources */ = {isa = PBXBuildFile; fileRef = 5E44B4F92324E87A0063AF4B /* Spring.swift */; };
		5E44B5182324E87A0063AF4B /* SpringImageView.swift in Sources */ = {isa = PBXBuildFile; fileRef = 5E44B4FA2324E87A0063AF4B /* SpringImageView.swift */; };
		5E44B5192324E87A0063AF4B /* DesignableLabel.swift in Sources */ = {isa = PBXBuildFile; fileRef = 5E44B4FB2324E87A0063AF4B /* DesignableLabel.swift */; };
		5E44B51A2324E87A0063AF4B /* SoundPlayer.swift in Sources */ = {isa = PBXBuildFile; fileRef = 5E44B4FC2324E87A0063AF4B /* SoundPlayer.swift */; };
		5E44B51B2324E87A0063AF4B /* BlurView.swift in Sources */ = {isa = PBXBuildFile; fileRef = 5E44B4FD2324E87A0063AF4B /* BlurView.swift */; };
		5E44B51C2324E87A0063AF4B /* DesignableTextField.swift in Sources */ = {isa = PBXBuildFile; fileRef = 5E44B4FE2324E87A0063AF4B /* DesignableTextField.swift */; };
		5E44B51D2324E87A0063AF4B /* SpringButton.swift in Sources */ = {isa = PBXBuildFile; fileRef = 5E44B4FF2324E87A0063AF4B /* SpringButton.swift */; };
		5E44B51E2324E87A0063AF4B /* SpringTextView.swift in Sources */ = {isa = PBXBuildFile; fileRef = 5E44B5002324E87A0063AF4B /* SpringTextView.swift */; };
		5E44B51F2324E87A0063AF4B /* Misc.swift in Sources */ = {isa = PBXBuildFile; fileRef = 5E44B5012324E87A0063AF4B /* Misc.swift */; };
		5E44B5202324E87A0063AF4B /* SpringView.swift in Sources */ = {isa = PBXBuildFile; fileRef = 5E44B5022324E87A0063AF4B /* SpringView.swift */; };
		5E44B5212324E87A0063AF4B /* DesignableButton.swift in Sources */ = {isa = PBXBuildFile; fileRef = 5E44B5032324E87A0063AF4B /* DesignableButton.swift */; };
		5E44B5222324E87A0063AF4B /* SpringTextField.swift in Sources */ = {isa = PBXBuildFile; fileRef = 5E44B5042324E87A0063AF4B /* SpringTextField.swift */; };
		5E44B5232324E87A0063AF4B /* DesignableView.swift in Sources */ = {isa = PBXBuildFile; fileRef = 5E44B5052324E87A0063AF4B /* DesignableView.swift */; };
		5E44B5242324E87A0063AF4B /* DesignableTabBarController.swift in Sources */ = {isa = PBXBuildFile; fileRef = 5E44B5062324E87A0063AF4B /* DesignableTabBarController.swift */; };
		5E44B5252324E87A0063AF4B /* AsyncButton.swift in Sources */ = {isa = PBXBuildFile; fileRef = 5E44B5072324E87A0063AF4B /* AsyncButton.swift */; };
		5E44B5262324E87A0063AF4B /* LoadingView.xib in Resources */ = {isa = PBXBuildFile; fileRef = 5E44B5082324E87A0063AF4B /* LoadingView.xib */; };
		5E44B5272324E87A0063AF4B /* SpringLabel.swift in Sources */ = {isa = PBXBuildFile; fileRef = 5E44B5092324E87A0063AF4B /* SpringLabel.swift */; };
		5E44B5282324E87A0063AF4B /* DesignableTextView.swift in Sources */ = {isa = PBXBuildFile; fileRef = 5E44B50B2324E87A0063AF4B /* DesignableTextView.swift */; };
		5E44B5292324E87A0063AF4B /* AutoTextView.swift in Sources */ = {isa = PBXBuildFile; fileRef = 5E44B50C2324E87A0063AF4B /* AutoTextView.swift */; };
		5E44B52A2324E87A0063AF4B /* SpringAnimation.swift in Sources */ = {isa = PBXBuildFile; fileRef = 5E44B50D2324E87A0063AF4B /* SpringAnimation.swift */; };
		5E44B52B2324E87A0063AF4B /* UnwindSegue.swift in Sources */ = {isa = PBXBuildFile; fileRef = 5E44B50E2324E87A0063AF4B /* UnwindSegue.swift */; };
		5E44B52C2324E87A0063AF4B /* LoadingView.swift in Sources */ = {isa = PBXBuildFile; fileRef = 5E44B50F2324E87A0063AF4B /* LoadingView.swift */; };
		5E44B52E2324E87A0063AF4B /* AsyncImageView.swift in Sources */ = {isa = PBXBuildFile; fileRef = 5E44B5112324E87A0063AF4B /* AsyncImageView.swift */; };
		5E44B53023291A8C0063AF4B /* StaticContentsViewController.swift in Sources */ = {isa = PBXBuildFile; fileRef = 5E44B52F23291A8B0063AF4B /* StaticContentsViewController.swift */; };
		5E6424E0232BB67400C8DBDF /* Channel.swift in Sources */ = {isa = PBXBuildFile; fileRef = 5E6424DF232BB67400C8DBDF /* Channel.swift */; };
		5E7CEFCA232B677300E4A72F /* ChatViewController.swift in Sources */ = {isa = PBXBuildFile; fileRef = 5E7CEFC9232B677300E4A72F /* ChatViewController.swift */; };
		5E92C24E231E3083004EDA32 /* GoogleService-Info.plist in Resources */ = {isa = PBXBuildFile; fileRef = 5E92C24D231E3083004EDA32 /* GoogleService-Info.plist */; };
/* End PBXBuildFile section */

/* Begin PBXFileReference section */
		312BEC8CDD8AC53B80FB0004 /* Pods-Shupple.release.xcconfig */ = {isa = PBXFileReference; includeInIndex = 1; lastKnownFileType = text.xcconfig; name = "Pods-Shupple.release.xcconfig"; path = "Target Support Files/Pods-Shupple/Pods-Shupple.release.xcconfig"; sourceTree = "<group>"; };
		58409CC022EDECDA00050893 /* Alamofire.framework */ = {isa = PBXFileReference; lastKnownFileType = wrapper.framework; name = Alamofire.framework; path = Carthage/Build/iOS/Alamofire.framework; sourceTree = "<group>"; };
		58409CC222EDECE400050893 /* Eureka.framework */ = {isa = PBXFileReference; lastKnownFileType = wrapper.framework; name = Eureka.framework; path = Carthage/Build/iOS/Eureka.framework; sourceTree = "<group>"; };
		589DA58922F354E400AE2BE6 /* ImageScale.swift */ = {isa = PBXFileReference; lastKnownFileType = sourcecode.swift; path = ImageScale.swift; sourceTree = "<group>"; };
		58A4A66D22F58C6400EC54ED /* ImageForURL.swift */ = {isa = PBXFileReference; lastKnownFileType = sourcecode.swift; path = ImageForURL.swift; sourceTree = "<group>"; };
		58A4A66F22F5A42E00EC54ED /* Kingfisher.framework */ = {isa = PBXFileReference; lastKnownFileType = wrapper.framework; name = Kingfisher.framework; path = Carthage/Build/iOS/Kingfisher.framework; sourceTree = "<group>"; };
		58A4A67122F9EB2600EC54ED /* UiColorHex.swift */ = {isa = PBXFileReference; lastKnownFileType = sourcecode.swift; path = UiColorHex.swift; sourceTree = "<group>"; };
		58A4A67322FB33DA00EC54ED /* TopViewController.swift */ = {isa = PBXFileReference; lastKnownFileType = sourcecode.swift; path = TopViewController.swift; sourceTree = "<group>"; };
		58C1CBBD22F2030500460FE1 /* RegistrationViewController.swift */ = {isa = PBXFileReference; lastKnownFileType = sourcecode.swift; path = RegistrationViewController.swift; sourceTree = "<group>"; };
		58CF97BB230C5DBB00C3C0B7 /* User.swift */ = {isa = PBXFileReference; lastKnownFileType = sourcecode.swift; path = User.swift; sourceTree = "<group>"; };
		58CF97BD230DAE2700C3C0B7 /* Sex.swift */ = {isa = PBXFileReference; lastKnownFileType = sourcecode.swift; path = Sex.swift; sourceTree = "<group>"; };
		58CF97BF230DB28900C3C0B7 /* Prefecture.swift */ = {isa = PBXFileReference; lastKnownFileType = sourcecode.swift; path = Prefecture.swift; sourceTree = "<group>"; };
		58CF97C1230DB31B00C3C0B7 /* Job.swift */ = {isa = PBXFileReference; lastKnownFileType = sourcecode.swift; path = Job.swift; sourceTree = "<group>"; };
		58CF97C3230DBA2D00C3C0B7 /* Personality.swift */ = {isa = PBXFileReference; lastKnownFileType = sourcecode.swift; path = Personality.swift; sourceTree = "<group>"; };
		58CF97C52314366900C3C0B7 /* PostUser.swift */ = {isa = PBXFileReference; lastKnownFileType = sourcecode.swift; path = PostUser.swift; sourceTree = "<group>"; };
		58CF97C72316EBAE00C3C0B7 /* Indicator.swift */ = {isa = PBXFileReference; lastKnownFileType = sourcecode.swift; path = Indicator.swift; sourceTree = "<group>"; };
		58CF97C9231BF9CE00C3C0B7 /* Eureka.bundle */ = {isa = PBXFileReference; lastKnownFileType = "wrapper.plug-in"; name = Eureka.bundle; path = Pods/Eureka/Source/Resources/Eureka.bundle; sourceTree = "<group>"; };
		58CF97CB231ED58C00C3C0B7 /* APIClient.swift */ = {isa = PBXFileReference; lastKnownFileType = sourcecode.swift; path = APIClient.swift; sourceTree = "<group>"; };
		58FC3CDA22EDE61100E89BFB /* Shupple.app */ = {isa = PBXFileReference; explicitFileType = wrapper.application; includeInIndex = 0; path = Shupple.app; sourceTree = BUILT_PRODUCTS_DIR; };
		58FC3CDD22EDE61100E89BFB /* AppDelegate.swift */ = {isa = PBXFileReference; lastKnownFileType = sourcecode.swift; path = AppDelegate.swift; sourceTree = "<group>"; };
		58FC3CDF22EDE61100E89BFB /* FirstViewController.swift */ = {isa = PBXFileReference; lastKnownFileType = sourcecode.swift; path = FirstViewController.swift; sourceTree = "<group>"; };
		58FC3CE122EDE61100E89BFB /* SecondViewController.swift */ = {isa = PBXFileReference; lastKnownFileType = sourcecode.swift; path = SecondViewController.swift; sourceTree = "<group>"; };
		58FC3CE422EDE61100E89BFB /* Base */ = {isa = PBXFileReference; lastKnownFileType = file.storyboard; name = Base; path = Base.lproj/Main.storyboard; sourceTree = "<group>"; };
		58FC3CE622EDE61300E89BFB /* Assets.xcassets */ = {isa = PBXFileReference; lastKnownFileType = folder.assetcatalog; path = Assets.xcassets; sourceTree = "<group>"; };
		58FC3CE922EDE61300E89BFB /* Base */ = {isa = PBXFileReference; lastKnownFileType = file.storyboard; name = Base; path = Base.lproj/LaunchScreen.storyboard; sourceTree = "<group>"; };
		58FC3CEB22EDE61300E89BFB /* Info.plist */ = {isa = PBXFileReference; lastKnownFileType = text.plist.xml; path = Info.plist; sourceTree = "<group>"; };
		5E44B4B1231EA1020063AF4B /* UserInformation.swift */ = {isa = PBXFileReference; lastKnownFileType = sourcecode.swift; path = UserInformation.swift; sourceTree = "<group>"; };
		5E44B4B42324BAF80063AF4B /* MaterialButton.swift */ = {isa = PBXFileReference; lastKnownFileType = sourcecode.swift; path = MaterialButton.swift; sourceTree = "<group>"; };
		5E44B4F42324E87A0063AF4B /* DesignableImageView.swift */ = {isa = PBXFileReference; fileEncoding = 4; lastKnownFileType = sourcecode.swift; path = DesignableImageView.swift; sourceTree = "<group>"; };
		5E44B4F52324E87A0063AF4B /* KeyboardLayoutConstraint.swift */ = {isa = PBXFileReference; fileEncoding = 4; lastKnownFileType = sourcecode.swift; path = KeyboardLayoutConstraint.swift; sourceTree = "<group>"; };
		5E44B4F62324E87A0063AF4B /* TransitionManager.swift */ = {isa = PBXFileReference; fileEncoding = 4; lastKnownFileType = sourcecode.swift; path = TransitionManager.swift; sourceTree = "<group>"; };
		5E44B4F72324E87A0063AF4B /* TransitionZoom.swift */ = {isa = PBXFileReference; fileEncoding = 4; lastKnownFileType = sourcecode.swift; path = TransitionZoom.swift; sourceTree = "<group>"; };
		5E44B4F82324E87A0063AF4B /* ImageLoader.swift */ = {isa = PBXFileReference; fileEncoding = 4; lastKnownFileType = sourcecode.swift; path = ImageLoader.swift; sourceTree = "<group>"; };
		5E44B4F92324E87A0063AF4B /* Spring.swift */ = {isa = PBXFileReference; fileEncoding = 4; lastKnownFileType = sourcecode.swift; path = Spring.swift; sourceTree = "<group>"; };
		5E44B4FA2324E87A0063AF4B /* SpringImageView.swift */ = {isa = PBXFileReference; fileEncoding = 4; lastKnownFileType = sourcecode.swift; path = SpringImageView.swift; sourceTree = "<group>"; };
		5E44B4FB2324E87A0063AF4B /* DesignableLabel.swift */ = {isa = PBXFileReference; fileEncoding = 4; lastKnownFileType = sourcecode.swift; path = DesignableLabel.swift; sourceTree = "<group>"; };
		5E44B4FC2324E87A0063AF4B /* SoundPlayer.swift */ = {isa = PBXFileReference; fileEncoding = 4; lastKnownFileType = sourcecode.swift; path = SoundPlayer.swift; sourceTree = "<group>"; };
		5E44B4FD2324E87A0063AF4B /* BlurView.swift */ = {isa = PBXFileReference; fileEncoding = 4; lastKnownFileType = sourcecode.swift; path = BlurView.swift; sourceTree = "<group>"; };
		5E44B4FE2324E87A0063AF4B /* DesignableTextField.swift */ = {isa = PBXFileReference; fileEncoding = 4; lastKnownFileType = sourcecode.swift; path = DesignableTextField.swift; sourceTree = "<group>"; };
		5E44B4FF2324E87A0063AF4B /* SpringButton.swift */ = {isa = PBXFileReference; fileEncoding = 4; lastKnownFileType = sourcecode.swift; path = SpringButton.swift; sourceTree = "<group>"; };
		5E44B5002324E87A0063AF4B /* SpringTextView.swift */ = {isa = PBXFileReference; fileEncoding = 4; lastKnownFileType = sourcecode.swift; path = SpringTextView.swift; sourceTree = "<group>"; };
		5E44B5012324E87A0063AF4B /* Misc.swift */ = {isa = PBXFileReference; fileEncoding = 4; lastKnownFileType = sourcecode.swift; path = Misc.swift; sourceTree = "<group>"; };
		5E44B5022324E87A0063AF4B /* SpringView.swift */ = {isa = PBXFileReference; fileEncoding = 4; lastKnownFileType = sourcecode.swift; path = SpringView.swift; sourceTree = "<group>"; };
		5E44B5032324E87A0063AF4B /* DesignableButton.swift */ = {isa = PBXFileReference; fileEncoding = 4; lastKnownFileType = sourcecode.swift; path = DesignableButton.swift; sourceTree = "<group>"; };
		5E44B5042324E87A0063AF4B /* SpringTextField.swift */ = {isa = PBXFileReference; fileEncoding = 4; lastKnownFileType = sourcecode.swift; path = SpringTextField.swift; sourceTree = "<group>"; };
		5E44B5052324E87A0063AF4B /* DesignableView.swift */ = {isa = PBXFileReference; fileEncoding = 4; lastKnownFileType = sourcecode.swift; path = DesignableView.swift; sourceTree = "<group>"; };
		5E44B5062324E87A0063AF4B /* DesignableTabBarController.swift */ = {isa = PBXFileReference; fileEncoding = 4; lastKnownFileType = sourcecode.swift; path = DesignableTabBarController.swift; sourceTree = "<group>"; };
		5E44B5072324E87A0063AF4B /* AsyncButton.swift */ = {isa = PBXFileReference; fileEncoding = 4; lastKnownFileType = sourcecode.swift; path = AsyncButton.swift; sourceTree = "<group>"; };
		5E44B5082324E87A0063AF4B /* LoadingView.xib */ = {isa = PBXFileReference; fileEncoding = 4; lastKnownFileType = file.xib; path = LoadingView.xib; sourceTree = "<group>"; };
		5E44B5092324E87A0063AF4B /* SpringLabel.swift */ = {isa = PBXFileReference; fileEncoding = 4; lastKnownFileType = sourcecode.swift; path = SpringLabel.swift; sourceTree = "<group>"; };
		5E44B50A2324E87A0063AF4B /* Spring.h */ = {isa = PBXFileReference; fileEncoding = 4; lastKnownFileType = sourcecode.c.h; path = Spring.h; sourceTree = "<group>"; };
		5E44B50B2324E87A0063AF4B /* DesignableTextView.swift */ = {isa = PBXFileReference; fileEncoding = 4; lastKnownFileType = sourcecode.swift; path = DesignableTextView.swift; sourceTree = "<group>"; };
		5E44B50C2324E87A0063AF4B /* AutoTextView.swift */ = {isa = PBXFileReference; fileEncoding = 4; lastKnownFileType = sourcecode.swift; path = AutoTextView.swift; sourceTree = "<group>"; };
		5E44B50D2324E87A0063AF4B /* SpringAnimation.swift */ = {isa = PBXFileReference; fileEncoding = 4; lastKnownFileType = sourcecode.swift; path = SpringAnimation.swift; sourceTree = "<group>"; };
		5E44B50E2324E87A0063AF4B /* UnwindSegue.swift */ = {isa = PBXFileReference; fileEncoding = 4; lastKnownFileType = sourcecode.swift; path = UnwindSegue.swift; sourceTree = "<group>"; };
		5E44B50F2324E87A0063AF4B /* LoadingView.swift */ = {isa = PBXFileReference; fileEncoding = 4; lastKnownFileType = sourcecode.swift; path = LoadingView.swift; sourceTree = "<group>"; };
		5E44B5112324E87A0063AF4B /* AsyncImageView.swift */ = {isa = PBXFileReference; fileEncoding = 4; lastKnownFileType = sourcecode.swift; path = AsyncImageView.swift; sourceTree = "<group>"; };
		5E44B52F23291A8B0063AF4B /* StaticContentsViewController.swift */ = {isa = PBXFileReference; lastKnownFileType = sourcecode.swift; path = StaticContentsViewController.swift; sourceTree = "<group>"; };
		5E6424DF232BB67400C8DBDF /* Channel.swift */ = {isa = PBXFileReference; lastKnownFileType = sourcecode.swift; path = Channel.swift; sourceTree = "<group>"; };
		5E7CEFC9232B677300E4A72F /* ChatViewController.swift */ = {isa = PBXFileReference; lastKnownFileType = sourcecode.swift; path = ChatViewController.swift; sourceTree = "<group>"; };
		5E92C24D231E3083004EDA32 /* GoogleService-Info.plist */ = {isa = PBXFileReference; fileEncoding = 4; lastKnownFileType = text.plist.xml; path = "GoogleService-Info.plist"; sourceTree = "<group>"; };
		8DD51B699DB279C9F2B1110E /* Pods-Shupple.debug.xcconfig */ = {isa = PBXFileReference; includeInIndex = 1; lastKnownFileType = text.xcconfig; name = "Pods-Shupple.debug.xcconfig"; path = "Target Support Files/Pods-Shupple/Pods-Shupple.debug.xcconfig"; sourceTree = "<group>"; };
		BE70313AAD303D97A156C371 /* Pods_Shupple.framework */ = {isa = PBXFileReference; explicitFileType = wrapper.framework; includeInIndex = 0; path = Pods_Shupple.framework; sourceTree = BUILT_PRODUCTS_DIR; };
/* End PBXFileReference section */

/* Begin PBXFrameworksBuildPhase section */
		58FC3CD722EDE61100E89BFB /* Frameworks */ = {
			isa = PBXFrameworksBuildPhase;
			buildActionMask = 2147483647;
			files = (
				58CF97CA231BF9CE00C3C0B7 /* Eureka.bundle in Frameworks */,
				21766D27FB2BEBD48679BFD8 /* Pods_Shupple.framework in Frameworks */,
			);
			runOnlyForDeploymentPostprocessing = 0;
		};
/* End PBXFrameworksBuildPhase section */

/* Begin PBXGroup section */
		58409CBF22EDECDA00050893 /* Frameworks */ = {
			isa = PBXGroup;
			children = (
				58CF97C9231BF9CE00C3C0B7 /* Eureka.bundle */,
				58A4A66F22F5A42E00EC54ED /* Kingfisher.framework */,
				58409CC222EDECE400050893 /* Eureka.framework */,
				58409CC022EDECDA00050893 /* Alamofire.framework */,
				BE70313AAD303D97A156C371 /* Pods_Shupple.framework */,
			);
			name = Frameworks;
			sourceTree = "<group>";
		};
		589DA58822F354B600AE2BE6 /* Utility */ = {
			isa = PBXGroup;
			children = (
				5E44B4B62324BB7B0063AF4B /* Enum */,
				589DA58922F354E400AE2BE6 /* ImageScale.swift */,
				5E6424DF232BB67400C8DBDF /* Channel.swift */,
				58A4A66D22F58C6400EC54ED /* ImageForURL.swift */,
				58A4A67122F9EB2600EC54ED /* UiColorHex.swift */,
				58CF97C72316EBAE00C3C0B7 /* Indicator.swift */,
				58CF97CB231ED58C00C3C0B7 /* APIClient.swift */,
				5E44B4B42324BAF80063AF4B /* MaterialButton.swift */,
			);
			path = Utility;
			sourceTree = "<group>";
		};
		58A4A66822F5852300EC54ED /* ViewController */ = {
			isa = PBXGroup;
			children = (
				58C1CBBD22F2030500460FE1 /* RegistrationViewController.swift */,
				58FC3CDF22EDE61100E89BFB /* FirstViewController.swift */,
				58FC3CE122EDE61100E89BFB /* SecondViewController.swift */,
				5E44B52F23291A8B0063AF4B /* StaticContentsViewController.swift */,
				58A4A67322FB33DA00EC54ED /* TopViewController.swift */,
				5E7CEFC9232B677300E4A72F /* ChatViewController.swift */,
			);
			path = ViewController;
			sourceTree = "<group>";
		};
		58A4A66922F5854600EC54ED /* Model */ = {
			isa = PBXGroup;
			children = (
				58CF97BB230C5DBB00C3C0B7 /* User.swift */,
				58CF97C52314366900C3C0B7 /* PostUser.swift */,
				5E44B4B1231EA1020063AF4B /* UserInformation.swift */,
			);
			path = Model;
			sourceTree = "<group>";
		};
		58A4A66A22F5855500EC54ED /* StoryBoard */ = {
			isa = PBXGroup;
			children = (
				58FC3CE322EDE61100E89BFB /* Main.storyboard */,
			);
			path = StoryBoard;
			sourceTree = "<group>";
		};
		58FC3CD122EDE61100E89BFB = {
			isa = PBXGroup;
			children = (
				58FC3CDC22EDE61100E89BFB /* Shupple */,
				58FC3CDB22EDE61100E89BFB /* Products */,
				58409CBF22EDECDA00050893 /* Frameworks */,
				E84D921CD0F32CAFB20C2E2C /* Pods */,
			);
			sourceTree = "<group>";
		};
		58FC3CDB22EDE61100E89BFB /* Products */ = {
			isa = PBXGroup;
			children = (
				58FC3CDA22EDE61100E89BFB /* Shupple.app */,
			);
			name = Products;
			sourceTree = "<group>";
		};
		58FC3CDC22EDE61100E89BFB /* Shupple */ = {
			isa = PBXGroup;
			children = (
				58A4A66A22F5855500EC54ED /* StoryBoard */,
				58A4A66922F5854600EC54ED /* Model */,
				58A4A66822F5852300EC54ED /* ViewController */,
				589DA58822F354B600AE2BE6 /* Utility */,
				58FC3CDD22EDE61100E89BFB /* AppDelegate.swift */,
				58FC3CE622EDE61300E89BFB /* Assets.xcassets */,
				58FC3CE822EDE61300E89BFB /* LaunchScreen.storyboard */,
				5E44B4F32324E87A0063AF4B /* Spring */,
				58FC3CEB22EDE61300E89BFB /* Info.plist */,
				5E92C24D231E3083004EDA32 /* GoogleService-Info.plist */,
			);
			path = Shupple;
			sourceTree = "<group>";
		};
		5E44B4B62324BB7B0063AF4B /* Enum */ = {
			isa = PBXGroup;
			children = (
				58CF97C3230DBA2D00C3C0B7 /* Personality.swift */,
				58CF97BF230DB28900C3C0B7 /* Prefecture.swift */,
				58CF97BD230DAE2700C3C0B7 /* Sex.swift */,
				58CF97C1230DB31B00C3C0B7 /* Job.swift */,
			);
			path = Enum;
			sourceTree = "<group>";
		};
		5E44B4F32324E87A0063AF4B /* Spring */ = {
			isa = PBXGroup;
			children = (
				5E44B4F42324E87A0063AF4B /* DesignableImageView.swift */,
				5E44B4F52324E87A0063AF4B /* KeyboardLayoutConstraint.swift */,
				5E44B4F62324E87A0063AF4B /* TransitionManager.swift */,
				5E44B4F72324E87A0063AF4B /* TransitionZoom.swift */,
				5E44B4F82324E87A0063AF4B /* ImageLoader.swift */,
				5E44B4F92324E87A0063AF4B /* Spring.swift */,
				5E44B4FA2324E87A0063AF4B /* SpringImageView.swift */,
				5E44B4FB2324E87A0063AF4B /* DesignableLabel.swift */,
				5E44B4FC2324E87A0063AF4B /* SoundPlayer.swift */,
				5E44B4FD2324E87A0063AF4B /* BlurView.swift */,
				5E44B4FE2324E87A0063AF4B /* DesignableTextField.swift */,
				5E44B4FF2324E87A0063AF4B /* SpringButton.swift */,
				5E44B5002324E87A0063AF4B /* SpringTextView.swift */,
				5E44B5012324E87A0063AF4B /* Misc.swift */,
				5E44B5022324E87A0063AF4B /* SpringView.swift */,
				5E44B5032324E87A0063AF4B /* DesignableButton.swift */,
				5E44B5042324E87A0063AF4B /* SpringTextField.swift */,
				5E44B5052324E87A0063AF4B /* DesignableView.swift */,
				5E44B5062324E87A0063AF4B /* DesignableTabBarController.swift */,
				5E44B5072324E87A0063AF4B /* AsyncButton.swift */,
				5E44B5082324E87A0063AF4B /* LoadingView.xib */,
				5E44B5092324E87A0063AF4B /* SpringLabel.swift */,
				5E44B50A2324E87A0063AF4B /* Spring.h */,
				5E44B50B2324E87A0063AF4B /* DesignableTextView.swift */,
				5E44B50C2324E87A0063AF4B /* AutoTextView.swift */,
				5E44B50D2324E87A0063AF4B /* SpringAnimation.swift */,
				5E44B50E2324E87A0063AF4B /* UnwindSegue.swift */,
				5E44B50F2324E87A0063AF4B /* LoadingView.swift */,
				5E44B5112324E87A0063AF4B /* AsyncImageView.swift */,
			);
			path = Spring;
			sourceTree = "<group>";
		};
		E84D921CD0F32CAFB20C2E2C /* Pods */ = {
			isa = PBXGroup;
			children = (
				8DD51B699DB279C9F2B1110E /* Pods-Shupple.debug.xcconfig */,
				312BEC8CDD8AC53B80FB0004 /* Pods-Shupple.release.xcconfig */,
			);
			path = Pods;
			sourceTree = "<group>";
		};
/* End PBXGroup section */

/* Begin PBXNativeTarget section */
		58FC3CD922EDE61100E89BFB /* Shupple */ = {
			isa = PBXNativeTarget;
			buildConfigurationList = 58FC3CEE22EDE61300E89BFB /* Build configuration list for PBXNativeTarget "Shupple" */;
			buildPhases = (
				ADC176EB4E5D66B879EB2DFB /* [CP] Check Pods Manifest.lock */,
				58FC3CD622EDE61100E89BFB /* Sources */,
				58FC3CD722EDE61100E89BFB /* Frameworks */,
				58FC3CD822EDE61100E89BFB /* Resources */,
				58409CC422EDECF300050893 /* ShellScript */,
				D01BDE383F488F2DF029E61D /* [CP] Embed Pods Frameworks */,
				753FA4FD8263EF9B6B173F57 /* [CP] Copy Pods Resources */,
			);
			buildRules = (
			);
			dependencies = (
			);
			name = Shupple;
			productName = Shupple;
			productReference = 58FC3CDA22EDE61100E89BFB /* Shupple.app */;
			productType = "com.apple.product-type.application";
		};
/* End PBXNativeTarget section */

/* Begin PBXProject section */
		58FC3CD222EDE61100E89BFB /* Project object */ = {
			isa = PBXProject;
			attributes = {
				LastSwiftUpdateCheck = 1030;
				LastUpgradeCheck = 1030;
				ORGANIZATIONNAME = "HoleFillingCo.,Ltd";
				TargetAttributes = {
					58FC3CD922EDE61100E89BFB = {
						CreatedOnToolsVersion = 10.3;
					};
				};
			};
			buildConfigurationList = 58FC3CD522EDE61100E89BFB /* Build configuration list for PBXProject "Shupple" */;
			compatibilityVersion = "Xcode 9.3";
			developmentRegion = en;
			hasScannedForEncodings = 0;
			knownRegions = (
				en,
				Base,
			);
			mainGroup = 58FC3CD122EDE61100E89BFB;
			productRefGroup = 58FC3CDB22EDE61100E89BFB /* Products */;
			projectDirPath = "";
			projectRoot = "";
			targets = (
				58FC3CD922EDE61100E89BFB /* Shupple */,
			);
		};
/* End PBXProject section */

/* Begin PBXResourcesBuildPhase section */
		58FC3CD822EDE61100E89BFB /* Resources */ = {
			isa = PBXResourcesBuildPhase;
			buildActionMask = 2147483647;
			files = (
				58FC3CEA22EDE61300E89BFB /* LaunchScreen.storyboard in Resources */,
				5E92C24E231E3083004EDA32 /* GoogleService-Info.plist in Resources */,
				58FC3CE722EDE61300E89BFB /* Assets.xcassets in Resources */,
				58FC3CE522EDE61100E89BFB /* Main.storyboard in Resources */,
				5E44B5262324E87A0063AF4B /* LoadingView.xib in Resources */,
			);
			runOnlyForDeploymentPostprocessing = 0;
		};
/* End PBXResourcesBuildPhase section */

/* Begin PBXShellScriptBuildPhase section */
		58409CC422EDECF300050893 /* ShellScript */ = {
			isa = PBXShellScriptBuildPhase;
			buildActionMask = 2147483647;
			files = (
			);
			inputFileListPaths = (
			);
			inputPaths = (
				"$(SRCROOT)/Carthage/Build/iOS/Alamofire.framework",
				"$(SRCROOT)/Carthage/Build/iOS/Eureka.framework",
			);
			outputFileListPaths = (
			);
			outputPaths = (
			);
			runOnlyForDeploymentPostprocessing = 0;
			shellPath = /bin/sh;
			shellScript = "# Type a script or drag a script file from your workspace to insert its path.\n/usr/local/bin/carthage copy-frameworks\n";
		};
		753FA4FD8263EF9B6B173F57 /* [CP] Copy Pods Resources */ = {
			isa = PBXShellScriptBuildPhase;
			buildActionMask = 2147483647;
			files = (
			);
			inputFileListPaths = (
				"${PODS_ROOT}/Target Support Files/Pods-Shupple/Pods-Shupple-resources-${CONFIGURATION}-input-files.xcfilelist",
			);
			name = "[CP] Copy Pods Resources";
			outputFileListPaths = (
				"${PODS_ROOT}/Target Support Files/Pods-Shupple/Pods-Shupple-resources-${CONFIGURATION}-output-files.xcfilelist",
			);
			runOnlyForDeploymentPostprocessing = 0;
			shellPath = /bin/sh;
			shellScript = "\"${PODS_ROOT}/Target Support Files/Pods-Shupple/Pods-Shupple-resources.sh\"\n";
			showEnvVarsInLog = 0;
		};
		ADC176EB4E5D66B879EB2DFB /* [CP] Check Pods Manifest.lock */ = {
			isa = PBXShellScriptBuildPhase;
			buildActionMask = 2147483647;
			files = (
			);
			inputFileListPaths = (
			);
			inputPaths = (
				"${PODS_PODFILE_DIR_PATH}/Podfile.lock",
				"${PODS_ROOT}/Manifest.lock",
			);
			name = "[CP] Check Pods Manifest.lock";
			outputFileListPaths = (
			);
			outputPaths = (
				"$(DERIVED_FILE_DIR)/Pods-Shupple-checkManifestLockResult.txt",
			);
			runOnlyForDeploymentPostprocessing = 0;
			shellPath = /bin/sh;
			shellScript = "diff \"${PODS_PODFILE_DIR_PATH}/Podfile.lock\" \"${PODS_ROOT}/Manifest.lock\" > /dev/null\nif [ $? != 0 ] ; then\n    # print error to STDERR\n    echo \"error: The sandbox is not in sync with the Podfile.lock. Run 'pod install' or update your CocoaPods installation.\" >&2\n    exit 1\nfi\n# This output is used by Xcode 'outputs' to avoid re-running this script phase.\necho \"SUCCESS\" > \"${SCRIPT_OUTPUT_FILE_0}\"\n";
			showEnvVarsInLog = 0;
		};
		D01BDE383F488F2DF029E61D /* [CP] Embed Pods Frameworks */ = {
			isa = PBXShellScriptBuildPhase;
			buildActionMask = 2147483647;
			files = (
			);
			inputFileListPaths = (
				"${PODS_ROOT}/Target Support Files/Pods-Shupple/Pods-Shupple-frameworks-${CONFIGURATION}-input-files.xcfilelist",
			);
			name = "[CP] Embed Pods Frameworks";
			outputFileListPaths = (
				"${PODS_ROOT}/Target Support Files/Pods-Shupple/Pods-Shupple-frameworks-${CONFIGURATION}-output-files.xcfilelist",
			);
			runOnlyForDeploymentPostprocessing = 0;
			shellPath = /bin/sh;
			shellScript = "\"${PODS_ROOT}/Target Support Files/Pods-Shupple/Pods-Shupple-frameworks.sh\"\n";
			showEnvVarsInLog = 0;
		};
/* End PBXShellScriptBuildPhase section */

/* Begin PBXSourcesBuildPhase section */
		58FC3CD622EDE61100E89BFB /* Sources */ = {
			isa = PBXSourcesBuildPhase;
			buildActionMask = 2147483647;
			files = (
				5E44B5242324E87A0063AF4B /* DesignableTabBarController.swift in Sources */,
				58CF97BE230DAE2700C3C0B7 /* Sex.swift in Sources */,
				5E44B51B2324E87A0063AF4B /* BlurView.swift in Sources */,
				58CF97CC231ED58C00C3C0B7 /* APIClient.swift in Sources */,
				5E44B5172324E87A0063AF4B /* Spring.swift in Sources */,
				58FC3CE222EDE61100E89BFB /* SecondViewController.swift in Sources */,
				5E44B5192324E87A0063AF4B /* DesignableLabel.swift in Sources */,
				5E44B5152324E87A0063AF4B /* TransitionZoom.swift in Sources */,
				58FC3CDE22EDE61100E89BFB /* AppDelegate.swift in Sources */,
				5E44B5292324E87A0063AF4B /* AutoTextView.swift in Sources */,
				5E44B5232324E87A0063AF4B /* DesignableView.swift in Sources */,
				5E7CEFCA232B677300E4A72F /* ChatViewController.swift in Sources */,
				5E44B51D2324E87A0063AF4B /* SpringButton.swift in Sources */,
				5E44B51C2324E87A0063AF4B /* DesignableTextField.swift in Sources */,
				58CF97C0230DB28900C3C0B7 /* Prefecture.swift in Sources */,
				58C1CBBE22F2030500460FE1 /* RegistrationViewController.swift in Sources */,
				5E44B4B2231EA1020063AF4B /* UserInformation.swift in Sources */,
				5E44B5272324E87A0063AF4B /* SpringLabel.swift in Sources */,
				589DA58A22F354E400AE2BE6 /* ImageScale.swift in Sources */,
				5E44B5282324E87A0063AF4B /* DesignableTextView.swift in Sources */,
				58A4A67422FB33DA00EC54ED /* TopViewController.swift in Sources */,
				5E44B5142324E87A0063AF4B /* TransitionManager.swift in Sources */,
				58CF97C2230DB31B00C3C0B7 /* Job.swift in Sources */,
				5E44B5212324E87A0063AF4B /* DesignableButton.swift in Sources */,
				5E44B52E2324E87A0063AF4B /* AsyncImageView.swift in Sources */,
				5E44B5202324E87A0063AF4B /* SpringView.swift in Sources */,
				5E44B51F2324E87A0063AF4B /* Misc.swift in Sources */,
				5E44B52C2324E87A0063AF4B /* LoadingView.swift in Sources */,
				58FC3CE022EDE61100E89BFB /* FirstViewController.swift in Sources */,
				5E44B5122324E87A0063AF4B /* DesignableImageView.swift in Sources */,
				58A4A66E22F58C6400EC54ED /* ImageForURL.swift in Sources */,
				5E44B5162324E87A0063AF4B /* ImageLoader.swift in Sources */,
				5E6424E0232BB67400C8DBDF /* Channel.swift in Sources */,
				5E44B5132324E87A0063AF4B /* KeyboardLayoutConstraint.swift in Sources */,
				58CF97C62314366900C3C0B7 /* PostUser.swift in Sources */,
				58CF97BC230C5DBB00C3C0B7 /* User.swift in Sources */,
				5E44B5222324E87A0063AF4B /* SpringTextField.swift in Sources */,
				5E44B4B52324BAF80063AF4B /* MaterialButton.swift in Sources */,
				5E44B51A2324E87A0063AF4B /* SoundPlayer.swift in Sources */,
				58A4A67222F9EB2600EC54ED /* UiColorHex.swift in Sources */,
				5E44B52B2324E87A0063AF4B /* UnwindSegue.swift in Sources */,
				5E44B51E2324E87A0063AF4B /* SpringTextView.swift in Sources */,
				5E44B5182324E87A0063AF4B /* SpringImageView.swift in Sources */,
				58CF97C82316EBAE00C3C0B7 /* Indicator.swift in Sources */,
				5E44B52A2324E87A0063AF4B /* SpringAnimation.swift in Sources */,
				5E44B5252324E87A0063AF4B /* AsyncButton.swift in Sources */,
				5E44B53023291A8C0063AF4B /* StaticContentsViewController.swift in Sources */,
				58CF97C4230DBA2D00C3C0B7 /* Personality.swift in Sources */,
			);
			runOnlyForDeploymentPostprocessing = 0;
		};
/* End PBXSourcesBuildPhase section */

/* Begin PBXVariantGroup section */
		58FC3CE322EDE61100E89BFB /* Main.storyboard */ = {
			isa = PBXVariantGroup;
			children = (
				58FC3CE422EDE61100E89BFB /* Base */,
			);
			name = Main.storyboard;
			sourceTree = "<group>";
		};
		58FC3CE822EDE61300E89BFB /* LaunchScreen.storyboard */ = {
			isa = PBXVariantGroup;
			children = (
				58FC3CE922EDE61300E89BFB /* Base */,
			);
			name = LaunchScreen.storyboard;
			sourceTree = "<group>";
		};
/* End PBXVariantGroup section */

/* Begin XCBuildConfiguration section */
		58FC3CEC22EDE61300E89BFB /* Debug */ = {
			isa = XCBuildConfiguration;
			buildSettings = {
				ALWAYS_SEARCH_USER_PATHS = NO;
				CLANG_ANALYZER_NONNULL = YES;
				CLANG_ANALYZER_NUMBER_OBJECT_CONVERSION = YES_AGGRESSIVE;
				CLANG_CXX_LANGUAGE_STANDARD = "gnu++14";
				CLANG_CXX_LIBRARY = "libc++";
				CLANG_ENABLE_MODULES = YES;
				CLANG_ENABLE_OBJC_ARC = YES;
				CLANG_ENABLE_OBJC_WEAK = YES;
				CLANG_WARN_BLOCK_CAPTURE_AUTORELEASING = YES;
				CLANG_WARN_BOOL_CONVERSION = YES;
				CLANG_WARN_COMMA = YES;
				CLANG_WARN_CONSTANT_CONVERSION = YES;
				CLANG_WARN_DEPRECATED_OBJC_IMPLEMENTATIONS = YES;
				CLANG_WARN_DIRECT_OBJC_ISA_USAGE = YES_ERROR;
				CLANG_WARN_DOCUMENTATION_COMMENTS = YES;
				CLANG_WARN_EMPTY_BODY = YES;
				CLANG_WARN_ENUM_CONVERSION = YES;
				CLANG_WARN_INFINITE_RECURSION = YES;
				CLANG_WARN_INT_CONVERSION = YES;
				CLANG_WARN_NON_LITERAL_NULL_CONVERSION = YES;
				CLANG_WARN_OBJC_IMPLICIT_RETAIN_SELF = YES;
				CLANG_WARN_OBJC_LITERAL_CONVERSION = YES;
				CLANG_WARN_OBJC_ROOT_CLASS = YES_ERROR;
				CLANG_WARN_RANGE_LOOP_ANALYSIS = YES;
				CLANG_WARN_STRICT_PROTOTYPES = YES;
				CLANG_WARN_SUSPICIOUS_MOVE = YES;
				CLANG_WARN_UNGUARDED_AVAILABILITY = YES_AGGRESSIVE;
				CLANG_WARN_UNREACHABLE_CODE = YES;
				CLANG_WARN__DUPLICATE_METHOD_MATCH = YES;
				CODE_SIGN_IDENTITY = "iPhone Developer";
				COPY_PHASE_STRIP = NO;
				DEBUG_INFORMATION_FORMAT = dwarf;
				ENABLE_STRICT_OBJC_MSGSEND = YES;
				ENABLE_TESTABILITY = YES;
				GCC_C_LANGUAGE_STANDARD = gnu11;
				GCC_DYNAMIC_NO_PIC = NO;
				GCC_NO_COMMON_BLOCKS = YES;
				GCC_OPTIMIZATION_LEVEL = 0;
				GCC_PREPROCESSOR_DEFINITIONS = (
					"DEBUG=1",
					"$(inherited)",
				);
				GCC_WARN_64_TO_32_BIT_CONVERSION = YES;
				GCC_WARN_ABOUT_RETURN_TYPE = YES_ERROR;
				GCC_WARN_UNDECLARED_SELECTOR = YES;
				GCC_WARN_UNINITIALIZED_AUTOS = YES_AGGRESSIVE;
				GCC_WARN_UNUSED_FUNCTION = YES;
				GCC_WARN_UNUSED_VARIABLE = YES;
				IPHONEOS_DEPLOYMENT_TARGET = 12.0;
				MTL_ENABLE_DEBUG_INFO = INCLUDE_SOURCE;
				MTL_FAST_MATH = YES;
				ONLY_ACTIVE_ARCH = YES;
				SDKROOT = iphoneos;
				SWIFT_ACTIVE_COMPILATION_CONDITIONS = DEBUG;
				SWIFT_OPTIMIZATION_LEVEL = "-Onone";
			};
			name = Debug;
		};
		58FC3CED22EDE61300E89BFB /* Release */ = {
			isa = XCBuildConfiguration;
			buildSettings = {
				ALWAYS_SEARCH_USER_PATHS = NO;
				CLANG_ANALYZER_NONNULL = YES;
				CLANG_ANALYZER_NUMBER_OBJECT_CONVERSION = YES_AGGRESSIVE;
				CLANG_CXX_LANGUAGE_STANDARD = "gnu++14";
				CLANG_CXX_LIBRARY = "libc++";
				CLANG_ENABLE_MODULES = YES;
				CLANG_ENABLE_OBJC_ARC = YES;
				CLANG_ENABLE_OBJC_WEAK = YES;
				CLANG_WARN_BLOCK_CAPTURE_AUTORELEASING = YES;
				CLANG_WARN_BOOL_CONVERSION = YES;
				CLANG_WARN_COMMA = YES;
				CLANG_WARN_CONSTANT_CONVERSION = YES;
				CLANG_WARN_DEPRECATED_OBJC_IMPLEMENTATIONS = YES;
				CLANG_WARN_DIRECT_OBJC_ISA_USAGE = YES_ERROR;
				CLANG_WARN_DOCUMENTATION_COMMENTS = YES;
				CLANG_WARN_EMPTY_BODY = YES;
				CLANG_WARN_ENUM_CONVERSION = YES;
				CLANG_WARN_INFINITE_RECURSION = YES;
				CLANG_WARN_INT_CONVERSION = YES;
				CLANG_WARN_NON_LITERAL_NULL_CONVERSION = YES;
				CLANG_WARN_OBJC_IMPLICIT_RETAIN_SELF = YES;
				CLANG_WARN_OBJC_LITERAL_CONVERSION = YES;
				CLANG_WARN_OBJC_ROOT_CLASS = YES_ERROR;
				CLANG_WARN_RANGE_LOOP_ANALYSIS = YES;
				CLANG_WARN_STRICT_PROTOTYPES = YES;
				CLANG_WARN_SUSPICIOUS_MOVE = YES;
				CLANG_WARN_UNGUARDED_AVAILABILITY = YES_AGGRESSIVE;
				CLANG_WARN_UNREACHABLE_CODE = YES;
				CLANG_WARN__DUPLICATE_METHOD_MATCH = YES;
				CODE_SIGN_IDENTITY = "iPhone Developer";
				COPY_PHASE_STRIP = NO;
				DEBUG_INFORMATION_FORMAT = "dwarf-with-dsym";
				ENABLE_NS_ASSERTIONS = NO;
				ENABLE_STRICT_OBJC_MSGSEND = YES;
				GCC_C_LANGUAGE_STANDARD = gnu11;
				GCC_NO_COMMON_BLOCKS = YES;
				GCC_WARN_64_TO_32_BIT_CONVERSION = YES;
				GCC_WARN_ABOUT_RETURN_TYPE = YES_ERROR;
				GCC_WARN_UNDECLARED_SELECTOR = YES;
				GCC_WARN_UNINITIALIZED_AUTOS = YES_AGGRESSIVE;
				GCC_WARN_UNUSED_FUNCTION = YES;
				GCC_WARN_UNUSED_VARIABLE = YES;
				IPHONEOS_DEPLOYMENT_TARGET = 12.0;
				MTL_ENABLE_DEBUG_INFO = NO;
				MTL_FAST_MATH = YES;
				SDKROOT = iphoneos;
				SWIFT_COMPILATION_MODE = wholemodule;
				SWIFT_OPTIMIZATION_LEVEL = "-O";
				VALIDATE_PRODUCT = YES;
			};
			name = Release;
		};
		58FC3CEF22EDE61300E89BFB /* Debug */ = {
			isa = XCBuildConfiguration;
			baseConfigurationReference = 8DD51B699DB279C9F2B1110E /* Pods-Shupple.debug.xcconfig */;
			buildSettings = {
				ASSETCATALOG_COMPILER_APPICON_NAME = AppIcon;
				CODE_SIGN_STYLE = Automatic;
				DEVELOPMENT_TEAM = 39M62H66HM;
				FRAMEWORK_SEARCH_PATHS = (
					"$(inherited)",
					"$(PROJECT_DIR)/Carthage/Build/iOS",
				);
				INFOPLIST_FILE = Shupple/Info.plist;
				IPHONEOS_DEPLOYMENT_TARGET = 12.0;
				LD_RUNPATH_SEARCH_PATHS = (
					"$(inherited)",
					"@executable_path/Frameworks",
				);
				PRODUCT_BUNDLE_IDENTIFIER = com.Shupple;
				PRODUCT_NAME = "$(TARGET_NAME)";
				SWIFT_VERSION = 5.0;
				TARGETED_DEVICE_FAMILY = 1;
			};
			name = Debug;
		};
		58FC3CF022EDE61300E89BFB /* Release */ = {
			isa = XCBuildConfiguration;
			baseConfigurationReference = 312BEC8CDD8AC53B80FB0004 /* Pods-Shupple.release.xcconfig */;
			buildSettings = {
				ASSETCATALOG_COMPILER_APPICON_NAME = AppIcon;
				CODE_SIGN_STYLE = Automatic;
				DEVELOPMENT_TEAM = 39M62H66HM;
				FRAMEWORK_SEARCH_PATHS = (
					"$(inherited)",
					"$(PROJECT_DIR)/Carthage/Build/iOS",
				);
				INFOPLIST_FILE = Shupple/Info.plist;
				IPHONEOS_DEPLOYMENT_TARGET = 12.0;
				LD_RUNPATH_SEARCH_PATHS = (
					"$(inherited)",
					"@executable_path/Frameworks",
				);
				PRODUCT_BUNDLE_IDENTIFIER = com.Shupple;
				PRODUCT_NAME = "$(TARGET_NAME)";
				SWIFT_VERSION = 5.0;
				TARGETED_DEVICE_FAMILY = 1;
			};
			name = Release;
		};
/* End XCBuildConfiguration section */

/* Begin XCConfigurationList section */
		58FC3CD522EDE61100E89BFB /* Build configuration list for PBXProject "Shupple" */ = {
			isa = XCConfigurationList;
			buildConfigurations = (
				58FC3CEC22EDE61300E89BFB /* Debug */,
				58FC3CED22EDE61300E89BFB /* Release */,
			);
			defaultConfigurationIsVisible = 0;
			defaultConfigurationName = Release;
		};
		58FC3CEE22EDE61300E89BFB /* Build configuration list for PBXNativeTarget "Shupple" */ = {
			isa = XCConfigurationList;
			buildConfigurations = (
				58FC3CEF22EDE61300E89BFB /* Debug */,
				58FC3CF022EDE61300E89BFB /* Release */,
			);
			defaultConfigurationIsVisible = 0;
			defaultConfigurationName = Release;
		};
/* End XCConfigurationList section */
	};
	rootObject = 58FC3CD222EDE61100E89BFB /* Project object */;
}
